// !$*UTF8*$!
{
	archiveVersion = 1;
	classes = {
	};
	objectVersion = 56;
	objects = {

/* Begin PBXBuildFile section */
		A10001000000000000000001 /* AirplaneTracker3DApp.swift in Sources */ = {isa = PBXBuildFile; fileRef = A10002000000000000000001 /* AirplaneTracker3DApp.swift */; };
		A10001000000000000000002 /* ContentView.swift in Sources */ = {isa = PBXBuildFile; fileRef = A10002000000000000000002 /* ContentView.swift */; };
		A10001000000000000000003 /* MetalView.swift in Sources */ = {isa = PBXBuildFile; fileRef = A10002000000000000000003 /* MetalView.swift */; };
		A10001000000000000000004 /* Renderer.swift in Sources */ = {isa = PBXBuildFile; fileRef = A10002000000000000000004 /* Renderer.swift */; };
		A10001000000000000000005 /* Shaders.metal in Sources */ = {isa = PBXBuildFile; fileRef = A10002000000000000000005 /* Shaders.metal */; };
		A10001000000000000000006 /* OrbitCamera.swift in Sources */ = {isa = PBXBuildFile; fileRef = A10002000000000000000006 /* OrbitCamera.swift */; };
		A10001000000000000000007 /* MapCoordinateSystem.swift in Sources */ = {isa = PBXBuildFile; fileRef = A10002000000000000000009 /* MapCoordinateSystem.swift */; };
		A10001000000000000000008 /* TileCoordinate.swift in Sources */ = {isa = PBXBuildFile; fileRef = A10002000000000000000010 /* TileCoordinate.swift */; };
		A10001000000000000000009 /* MapTileManager.swift in Sources */ = {isa = PBXBuildFile; fileRef = A10002000000000000000011 /* MapTileManager.swift */; };
		A10001000000000000000010 /* AircraftModel.swift in Sources */ = {isa = PBXBuildFile; fileRef = A10002000000000000000012 /* AircraftModel.swift */; };
		A10001000000000000000011 /* AircraftCategory.swift in Sources */ = {isa = PBXBuildFile; fileRef = A10002000000000000000013 /* AircraftCategory.swift */; };
		A10001000000000000000012 /* DataNormalizer.swift in Sources */ = {isa = PBXBuildFile; fileRef = A10002000000000000000014 /* DataNormalizer.swift */; };
		A10001000000000000000013 /* FlightDataActor.swift in Sources */ = {isa = PBXBuildFile; fileRef = A10002000000000000000015 /* FlightDataActor.swift */; };
		A10001000000000000000014 /* AircraftMeshLibrary.swift in Sources */ = {isa = PBXBuildFile; fileRef = A10002000000000000000016 /* AircraftMeshLibrary.swift */; };
		A10001000000000000000015 /* AircraftShaders.metal in Sources */ = {isa = PBXBuildFile; fileRef = A10002000000000000000017 /* AircraftShaders.metal */; };
		A10001000000000000000016 /* GlowShaders.metal in Sources */ = {isa = PBXBuildFile; fileRef = A10002000000000000000018 /* GlowShaders.metal */; };
		A10001000000000000000017 /* AircraftInstanceManager.swift in Sources */ = {isa = PBXBuildFile; fileRef = A10002000000000000000019 /* AircraftInstanceManager.swift */; };
		A10001000000000000000018 /* TrailManager.swift in Sources */ = {isa = PBXBuildFile; fileRef = A10002000000000000000020 /* TrailManager.swift */; };
		A10001000000000000000019 /* TrailShaders.metal in Sources */ = {isa = PBXBuildFile; fileRef = A10002000000000000000021 /* TrailShaders.metal */; };
		A10001000000000000000020 /* LabelManager.swift in Sources */ = {isa = PBXBuildFile; fileRef = A10002000000000000000022 /* LabelManager.swift */; };
		A10001000000000000000021 /* LabelShaders.metal in Sources */ = {isa = PBXBuildFile; fileRef = A10002000000000000000023 /* LabelShaders.metal */; };
		A10001000000000000000022 /* AltitudeLineShaders.metal in Sources */ = {isa = PBXBuildFile; fileRef = A10002000000000000000024 /* AltitudeLineShaders.metal */; };
		A10001000000000000000023 /* SelectionManager.swift in Sources */ = {isa = PBXBuildFile; fileRef = A10002000000000000000025 /* SelectionManager.swift */; };
		A10001000000000000000024 /* EnrichmentService.swift in Sources */ = {isa = PBXBuildFile; fileRef = A10002000000000000000026 /* EnrichmentService.swift */; };
		A10001000000000000000025 /* AircraftDetailPanel.swift in Sources */ = {isa = PBXBuildFile; fileRef = A10002000000000000000027 /* AircraftDetailPanel.swift */; };
		A10001000000000000000026 /* TerrainTileManager.swift in Sources */ = {isa = PBXBuildFile; fileRef = A10002000000000000000028 /* TerrainTileManager.swift */; };
		A10001000000000000000027 /* TerrainShaders.metal in Sources */ = {isa = PBXBuildFile; fileRef = A10002000000000000000029 /* TerrainShaders.metal */; };
		A10001000000000000000030 /* ThemeManager.swift in Sources */ = {isa = PBXBuildFile; fileRef = A10002000000000000000030 /* ThemeManager.swift */; };
		A10001000000000000000031 /* AirportLabelManager.swift in Sources */ = {isa = PBXBuildFile; fileRef = A10002000000000000000031 /* AirportLabelManager.swift */; };
		A10001000000000000000032 /* airports.json in Resources */ = {isa = PBXBuildFile; fileRef = A10002000000000000000032 /* airports.json */; };
		A10001000000000000000033 /* FlyToAnimator.swift in Sources */ = {isa = PBXBuildFile; fileRef = A10002000000000000000033 /* FlyToAnimator.swift */; };
		A10001000000000000000034 /* AirportSearchViewModel.swift in Sources */ = {isa = PBXBuildFile; fileRef = A10002000000000000000034 /* AirportSearchViewModel.swift */; };
		A10001000000000000000035 /* AirportSearchPanel.swift in Sources */ = {isa = PBXBuildFile; fileRef = A10002000000000000000035 /* AirportSearchPanel.swift */; };
		A10001000000000000000036 /* SettingsView.swift in Sources */ = {isa = PBXBuildFile; fileRef = A10002000000000000000036 /* SettingsView.swift */; };
		A10001000000000000000037 /* InfoPanel.swift in Sources */ = {isa = PBXBuildFile; fileRef = A10002000000000000000037 /* InfoPanel.swift */; };
		A10001000000000000000038 /* StatisticsCollector.swift in Sources */ = {isa = PBXBuildFile; fileRef = A10002000000000000000038 /* StatisticsCollector.swift */; };
		A10001000000000000000039 /* StatisticsPanel.swift in Sources */ = {isa = PBXBuildFile; fileRef = A10002000000000000000039 /* StatisticsPanel.swift */; };
/* End PBXBuildFile section */

/* Begin PBXFileReference section */
		A10002000000000000000001 /* AirplaneTracker3DApp.swift */ = {isa = PBXFileReference; lastKnownFileType = sourcecode.swift; path = AirplaneTracker3DApp.swift; sourceTree = "<group>"; };
		A10002000000000000000002 /* ContentView.swift */ = {isa = PBXFileReference; lastKnownFileType = sourcecode.swift; path = ContentView.swift; sourceTree = "<group>"; };
		A10002000000000000000003 /* MetalView.swift */ = {isa = PBXFileReference; lastKnownFileType = sourcecode.swift; path = MetalView.swift; sourceTree = "<group>"; };
		A10002000000000000000004 /* Renderer.swift */ = {isa = PBXFileReference; lastKnownFileType = sourcecode.swift; path = Renderer.swift; sourceTree = "<group>"; };
		A10002000000000000000005 /* Shaders.metal */ = {isa = PBXFileReference; lastKnownFileType = sourcecode.metal; path = Shaders.metal; sourceTree = "<group>"; };
		A10002000000000000000006 /* OrbitCamera.swift */ = {isa = PBXFileReference; lastKnownFileType = sourcecode.swift; path = OrbitCamera.swift; sourceTree = "<group>"; };
		A10002000000000000000007 /* ShaderTypes.h */ = {isa = PBXFileReference; lastKnownFileType = sourcecode.c.h; path = ShaderTypes.h; sourceTree = "<group>"; };
		A10002000000000000000008 /* AirplaneTracker3D-Bridging-Header.h */ = {isa = PBXFileReference; lastKnownFileType = sourcecode.c.h; path = "AirplaneTracker3D-Bridging-Header.h"; sourceTree = "<group>"; };
		A10002000000000000000009 /* MapCoordinateSystem.swift */ = {isa = PBXFileReference; lastKnownFileType = sourcecode.swift; path = MapCoordinateSystem.swift; sourceTree = "<group>"; };
		A10002000000000000000010 /* TileCoordinate.swift */ = {isa = PBXFileReference; lastKnownFileType = sourcecode.swift; path = TileCoordinate.swift; sourceTree = "<group>"; };
		A10002000000000000000011 /* MapTileManager.swift */ = {isa = PBXFileReference; lastKnownFileType = sourcecode.swift; path = MapTileManager.swift; sourceTree = "<group>"; };
		A10002000000000000000012 /* AircraftModel.swift */ = {isa = PBXFileReference; lastKnownFileType = sourcecode.swift; path = AircraftModel.swift; sourceTree = "<group>"; };
		A10002000000000000000013 /* AircraftCategory.swift */ = {isa = PBXFileReference; lastKnownFileType = sourcecode.swift; path = AircraftCategory.swift; sourceTree = "<group>"; };
		A10002000000000000000014 /* DataNormalizer.swift */ = {isa = PBXFileReference; lastKnownFileType = sourcecode.swift; path = DataNormalizer.swift; sourceTree = "<group>"; };
		A10002000000000000000015 /* FlightDataActor.swift */ = {isa = PBXFileReference; lastKnownFileType = sourcecode.swift; path = FlightDataActor.swift; sourceTree = "<group>"; };
		A10002000000000000000016 /* AircraftMeshLibrary.swift */ = {isa = PBXFileReference; lastKnownFileType = sourcecode.swift; path = AircraftMeshLibrary.swift; sourceTree = "<group>"; };
		A10002000000000000000017 /* AircraftShaders.metal */ = {isa = PBXFileReference; lastKnownFileType = sourcecode.metal; path = AircraftShaders.metal; sourceTree = "<group>"; };
		A10002000000000000000018 /* GlowShaders.metal */ = {isa = PBXFileReference; lastKnownFileType = sourcecode.metal; path = GlowShaders.metal; sourceTree = "<group>"; };
		A10002000000000000000019 /* AircraftInstanceManager.swift */ = {isa = PBXFileReference; lastKnownFileType = sourcecode.swift; path = AircraftInstanceManager.swift; sourceTree = "<group>"; };
		A10002000000000000000020 /* TrailManager.swift */ = {isa = PBXFileReference; lastKnownFileType = sourcecode.swift; path = TrailManager.swift; sourceTree = "<group>"; };
		A10002000000000000000021 /* TrailShaders.metal */ = {isa = PBXFileReference; lastKnownFileType = sourcecode.metal; path = TrailShaders.metal; sourceTree = "<group>"; };
		A10002000000000000000022 /* LabelManager.swift */ = {isa = PBXFileReference; lastKnownFileType = sourcecode.swift; path = LabelManager.swift; sourceTree = "<group>"; };
		A10002000000000000000023 /* LabelShaders.metal */ = {isa = PBXFileReference; lastKnownFileType = sourcecode.metal; path = LabelShaders.metal; sourceTree = "<group>"; };
		A10002000000000000000024 /* AltitudeLineShaders.metal */ = {isa = PBXFileReference; lastKnownFileType = sourcecode.metal; path = AltitudeLineShaders.metal; sourceTree = "<group>"; };
		A10002000000000000000025 /* SelectionManager.swift */ = {isa = PBXFileReference; lastKnownFileType = sourcecode.swift; path = SelectionManager.swift; sourceTree = "<group>"; };
		A10002000000000000000026 /* EnrichmentService.swift */ = {isa = PBXFileReference; lastKnownFileType = sourcecode.swift; path = EnrichmentService.swift; sourceTree = "<group>"; };
		A10002000000000000000027 /* AircraftDetailPanel.swift */ = {isa = PBXFileReference; lastKnownFileType = sourcecode.swift; path = AircraftDetailPanel.swift; sourceTree = "<group>"; };
		A10002000000000000000028 /* TerrainTileManager.swift */ = {isa = PBXFileReference; lastKnownFileType = sourcecode.swift; path = TerrainTileManager.swift; sourceTree = "<group>"; };
		A10002000000000000000029 /* TerrainShaders.metal */ = {isa = PBXFileReference; lastKnownFileType = sourcecode.metal; path = TerrainShaders.metal; sourceTree = "<group>"; };
		A10002000000000000000030 /* ThemeManager.swift */ = {isa = PBXFileReference; lastKnownFileType = sourcecode.swift; path = ThemeManager.swift; sourceTree = "<group>"; };
		A10002000000000000000031 /* AirportLabelManager.swift */ = {isa = PBXFileReference; lastKnownFileType = sourcecode.swift; path = AirportLabelManager.swift; sourceTree = "<group>"; };
		A10002000000000000000032 /* airports.json */ = {isa = PBXFileReference; lastKnownFileType = text.json; path = airports.json; sourceTree = "<group>"; };
		A10002000000000000000033 /* FlyToAnimator.swift */ = {isa = PBXFileReference; lastKnownFileType = sourcecode.swift; path = FlyToAnimator.swift; sourceTree = "<group>"; };
		A10002000000000000000034 /* AirportSearchViewModel.swift */ = {isa = PBXFileReference; lastKnownFileType = sourcecode.swift; path = AirportSearchViewModel.swift; sourceTree = "<group>"; };
		A10002000000000000000035 /* AirportSearchPanel.swift */ = {isa = PBXFileReference; lastKnownFileType = sourcecode.swift; path = AirportSearchPanel.swift; sourceTree = "<group>"; };
		A10002000000000000000036 /* SettingsView.swift */ = {isa = PBXFileReference; lastKnownFileType = sourcecode.swift; path = SettingsView.swift; sourceTree = "<group>"; };
		A10002000000000000000037 /* InfoPanel.swift */ = {isa = PBXFileReference; lastKnownFileType = sourcecode.swift; path = InfoPanel.swift; sourceTree = "<group>"; };
		A10002000000000000000038 /* StatisticsCollector.swift */ = {isa = PBXFileReference; lastKnownFileType = sourcecode.swift; path = StatisticsCollector.swift; sourceTree = "<group>"; };
		A10002000000000000000039 /* StatisticsPanel.swift */ = {isa = PBXFileReference; lastKnownFileType = sourcecode.swift; path = StatisticsPanel.swift; sourceTree = "<group>"; };
		A10003000000000000000001 /* AirplaneTracker3D.app */ = {isa = PBXFileReference; explicitFileType = wrapper.application; includeInIndex = 0; path = AirplaneTracker3D.app; sourceTree = BUILT_PRODUCTS_DIR; };
/* End PBXFileReference section */

/* Begin PBXFrameworksBuildPhase section */
		A10004000000000000000001 /* Frameworks */ = {
			isa = PBXFrameworksBuildPhase;
			buildActionMask = 2147483647;
			files = (
			);
			runOnlyForDeploymentPostprocessing = 0;
		};
/* End PBXFrameworksBuildPhase section */

/* Begin PBXGroup section */
		A10005000000000000000001 /* Root */ = {
			isa = PBXGroup;
			children = (
				A10005000000000000000002 /* AirplaneTracker3D */,
				A10005000000000000000005 /* Products */,
			);
			sourceTree = "<group>";
		};
		A10005000000000000000002 /* AirplaneTracker3D */ = {
			isa = PBXGroup;
			children = (
				A10002000000000000000001 /* AirplaneTracker3DApp.swift */,
				A10002000000000000000002 /* ContentView.swift */,
				A10002000000000000000008 /* AirplaneTracker3D-Bridging-Header.h */,
				A10005000000000000000003 /* Rendering */,
				A10005000000000000000004 /* Camera */,
				A10005000000000000000006 /* Map */,
				A10005000000000000000007 /* Models */,
				A10005000000000000000008 /* DataLayer */,
				A10005000000000000000009 /* Views */,
				A10005000000000000000011 /* ViewModels */,
				A10005000000000000000010 /* Data */,
			);
			path = AirplaneTracker3D;
			sourceTree = "<group>";
		};
		A10005000000000000000003 /* Rendering */ = {
			isa = PBXGroup;
			children = (
				A10002000000000000000003 /* MetalView.swift */,
				A10002000000000000000004 /* Renderer.swift */,
				A10002000000000000000005 /* Shaders.metal */,
				A10002000000000000000007 /* ShaderTypes.h */,
				A10002000000000000000016 /* AircraftMeshLibrary.swift */,
				A10002000000000000000017 /* AircraftShaders.metal */,
				A10002000000000000000018 /* GlowShaders.metal */,
				A10002000000000000000019 /* AircraftInstanceManager.swift */,
				A10002000000000000000020 /* TrailManager.swift */,
				A10002000000000000000021 /* TrailShaders.metal */,
				A10002000000000000000022 /* LabelManager.swift */,
				A10002000000000000000023 /* LabelShaders.metal */,
				A10002000000000000000024 /* AltitudeLineShaders.metal */,
				A10002000000000000000025 /* SelectionManager.swift */,
				A10002000000000000000028 /* TerrainTileManager.swift */,
				A10002000000000000000029 /* TerrainShaders.metal */,
				A10002000000000000000030 /* ThemeManager.swift */,
				A10002000000000000000031 /* AirportLabelManager.swift */,
			);
			path = Rendering;
			sourceTree = "<group>";
		};
		A10005000000000000000004 /* Camera */ = {
			isa = PBXGroup;
			children = (
				A10002000000000000000006 /* OrbitCamera.swift */,
				A10002000000000000000033 /* FlyToAnimator.swift */,
			);
			path = Camera;
			sourceTree = "<group>";
		};
		A10005000000000000000006 /* Map */ = {
			isa = PBXGroup;
			children = (
				A10002000000000000000009 /* MapCoordinateSystem.swift */,
				A10002000000000000000010 /* TileCoordinate.swift */,
				A10002000000000000000011 /* MapTileManager.swift */,
			);
			path = Map;
			sourceTree = "<group>";
		};
		A10005000000000000000007 /* Models */ = {
			isa = PBXGroup;
			children = (
				A10002000000000000000012 /* AircraftModel.swift */,
				A10002000000000000000013 /* AircraftCategory.swift */,
			);
			path = Models;
			sourceTree = "<group>";
		};
		A10005000000000000000008 /* DataLayer */ = {
			isa = PBXGroup;
			children = (
				A10002000000000000000014 /* DataNormalizer.swift */,
				A10002000000000000000015 /* FlightDataActor.swift */,
				A10002000000000000000026 /* EnrichmentService.swift */,
			);
			path = DataLayer;
			sourceTree = "<group>";
		};
		A10005000000000000000009 /* Views */ = {
			isa = PBXGroup;
			children = (
				A10002000000000000000027 /* AircraftDetailPanel.swift */,
				A10002000000000000000035 /* AirportSearchPanel.swift */,
				A10002000000000000000036 /* SettingsView.swift */,
				A10002000000000000000037 /* InfoPanel.swift */,
				A10002000000000000000039 /* StatisticsPanel.swift */,
			);
			path = Views;
			sourceTree = "<group>";
		};
		A10005000000000000000010 /* Data */ = {
			isa = PBXGroup;
			children = (
				A10002000000000000000032 /* airports.json */,
			);
			path = Data;
			sourceTree = "<group>";
		};
		A10005000000000000000011 /* ViewModels */ = {
			isa = PBXGroup;
			children = (
				A10002000000000000000034 /* AirportSearchViewModel.swift */,
				A10002000000000000000038 /* StatisticsCollector.swift */,
			);
			path = ViewModels;
			sourceTree = "<group>";
		};
		A10005000000000000000005 /* Products */ = {
			isa = PBXGroup;
			children = (
				A10003000000000000000001 /* AirplaneTracker3D.app */,
			);
			name = Products;
			sourceTree = "<group>";
		};
/* End PBXGroup section */

/* Begin PBXResourcesBuildPhase section */
		A10007000000000000000002 /* Resources */ = {
			isa = PBXResourcesBuildPhase;
			buildActionMask = 2147483647;
			files = (
				A10001000000000000000032 /* airports.json in Resources */,
			);
			runOnlyForDeploymentPostprocessing = 0;
		};
/* End PBXResourcesBuildPhase section */

/* Begin PBXNativeTarget section */
		A10006000000000000000001 /* AirplaneTracker3D */ = {
			isa = PBXNativeTarget;
			buildConfigurationList = A10008000000000000000001 /* Build configuration list for PBXNativeTarget "AirplaneTracker3D" */;
			buildPhases = (
				A10007000000000000000001 /* Sources */,
				A10004000000000000000001 /* Frameworks */,
				A10007000000000000000002 /* Resources */,
			);
			buildRules = (
			);
			dependencies = (
			);
			name = AirplaneTracker3D;
			productName = AirplaneTracker3D;
			productReference = A10003000000000000000001 /* AirplaneTracker3D.app */;
			productType = "com.apple.product-type.application";
		};
/* End PBXNativeTarget section */

/* Begin PBXProject section */
		A10009000000000000000001 /* Project object */ = {
			isa = PBXProject;
			attributes = {
				BuildIndependentTargetsInParallel = 1;
				LastSwiftUpdateCheck = 1600;
				LastUpgradeCheck = 1600;
				TargetAttributes = {
					A10006000000000000000001 = {
						CreatedOnToolsVersion = 16.0;
					};
				};
			};
			buildConfigurationList = A10008000000000000000002 /* Build configuration list for PBXProject "AirplaneTracker3D" */;
			compatibilityVersion = "Xcode 14.0";
			developmentRegion = en;
			hasScannedForEncodings = 0;
			knownRegions = (
				en,
				Base,
			);
			mainGroup = A10005000000000000000001 /* Root */;
			productRefGroup = A10005000000000000000005 /* Products */;
			projectDirPath = "";
			projectRoot = "";
			targets = (
				A10006000000000000000001 /* AirplaneTracker3D */,
			);
		};
/* End PBXProject section */

/* Begin PBXSourcesBuildPhase section */
		A10007000000000000000001 /* Sources */ = {
			isa = PBXSourcesBuildPhase;
			buildActionMask = 2147483647;
			files = (
				A10001000000000000000001 /* AirplaneTracker3DApp.swift in Sources */,
				A10001000000000000000002 /* ContentView.swift in Sources */,
				A10001000000000000000003 /* MetalView.swift in Sources */,
				A10001000000000000000004 /* Renderer.swift in Sources */,
				A10001000000000000000005 /* Shaders.metal in Sources */,
				A10001000000000000000006 /* OrbitCamera.swift in Sources */,
				A10001000000000000000007 /* MapCoordinateSystem.swift in Sources */,
				A10001000000000000000008 /* TileCoordinate.swift in Sources */,
				A10001000000000000000009 /* MapTileManager.swift in Sources */,
				A10001000000000000000010 /* AircraftModel.swift in Sources */,
				A10001000000000000000011 /* AircraftCategory.swift in Sources */,
				A10001000000000000000012 /* DataNormalizer.swift in Sources */,
				A10001000000000000000013 /* FlightDataActor.swift in Sources */,
				A10001000000000000000014 /* AircraftMeshLibrary.swift in Sources */,
				A10001000000000000000015 /* AircraftShaders.metal in Sources */,
				A10001000000000000000016 /* GlowShaders.metal in Sources */,
				A10001000000000000000017 /* AircraftInstanceManager.swift in Sources */,
				A10001000000000000000018 /* TrailManager.swift in Sources */,
				A10001000000000000000019 /* TrailShaders.metal in Sources */,
				A10001000000000000000020 /* LabelManager.swift in Sources */,
				A10001000000000000000021 /* LabelShaders.metal in Sources */,
				A10001000000000000000022 /* AltitudeLineShaders.metal in Sources */,
				A10001000000000000000023 /* SelectionManager.swift in Sources */,
				A10001000000000000000024 /* EnrichmentService.swift in Sources */,
				A10001000000000000000025 /* AircraftDetailPanel.swift in Sources */,
				A10001000000000000000026 /* TerrainTileManager.swift in Sources */,
				A10001000000000000000027 /* TerrainShaders.metal in Sources */,
				A10001000000000000000030 /* ThemeManager.swift in Sources */,
				A10001000000000000000031 /* AirportLabelManager.swift in Sources */,
				A10001000000000000000033 /* FlyToAnimator.swift in Sources */,
				A10001000000000000000034 /* AirportSearchViewModel.swift in Sources */,
				A10001000000000000000035 /* AirportSearchPanel.swift in Sources */,
				A10001000000000000000036 /* SettingsView.swift in Sources */,
				A10001000000000000000037 /* InfoPanel.swift in Sources */,
				A10001000000000000000038 /* StatisticsCollector.swift in Sources */,
				A10001000000000000000039 /* StatisticsPanel.swift in Sources */,
			);
			runOnlyForDeploymentPostprocessing = 0;
		};
/* End PBXSourcesBuildPhase section */

/* Begin XCBuildConfiguration section */
		A1000A000000000000000001 /* Debug */ = {
			isa = XCBuildConfiguration;
			buildSettings = {
				ALWAYS_SEARCH_USER_PATHS = NO;
				ASSETCATALOG_COMPILER_GENERATE_SWIFT_ASSET_SYMBOL_EXTENSIONS = YES;
				CLANG_ANALYZER_NONNULL = YES;
				CLANG_ANALYZER_NUMBER_OBJECT_CONVERSION = YES_AGGRESSIVE;
				CLANG_CXX_LANGUAGE_STANDARD = "gnu++20";
				CLANG_ENABLE_MODULES = YES;
				CLANG_ENABLE_OBJC_ARC = YES;
				CLANG_ENABLE_OBJC_WEAK = YES;
				CLANG_WARN_BLOCK_CAPTURE_AUTORELEASING = YES;
				CLANG_WARN_BOOL_CONVERSION = YES;
				CLANG_WARN_COMMA = YES;
				CLANG_WARN_CONSTANT_CONVERSION = YES;
				CLANG_WARN_DEPRECATED_OBJC_IMPLEMENTATIONS = YES;
				CLANG_WARN_DIRECT_OBJC_ISA_USAGE = YES_ERROR;
				CLANG_WARN_DOCUMENTATION_COMMENTS = YES;
				CLANG_WARN_EMPTY_BODY = YES;
				CLANG_WARN_ENUM_CONVERSION = YES;
				CLANG_WARN_INFINITE_RECURSION = YES;
				CLANG_WARN_INT_CONVERSION = YES;
				CLANG_WARN_NON_LITERAL_NULL_CONVERSION = YES;
				CLANG_WARN_OBJC_IMPLICIT_RETAIN_SELF = YES;
				CLANG_WARN_OBJC_LITERAL_CONVERSION = YES;
				CLANG_WARN_OBJC_ROOT_CLASS = YES_ERROR;
				CLANG_WARN_QUOTED_INCLUDE_IN_FRAMEWORK_HEADER = YES;
				CLANG_WARN_RANGE_LOOP_ANALYSIS = YES;
				CLANG_WARN_STRICT_PROTOTYPES = YES;
				CLANG_WARN_SUSPICIOUS_MOVE = YES;
				CLANG_WARN_UNGUARDED_AVAILABILITY = YES_AGGRESSIVE;
				CLANG_WARN_UNREACHABLE_CODE = YES;
				CLANG_WARN__DUPLICATE_METHOD_MATCH = YES;
				COPY_PHASE_STRIP = NO;
				DEBUG_INFORMATION_FORMAT = dwarf;
				ENABLE_STRICT_OBJC_MSGSEND = YES;
				ENABLE_TESTABILITY = YES;
				GCC_C_LANGUAGE_STANDARD = gnu17;
				GCC_DYNAMIC_NO_PIC = NO;
				GCC_NO_COMMON_BLOCKS = YES;
				GCC_OPTIMIZATION_LEVEL = 0;
				GCC_PREPROCESSOR_DEFINITIONS = (
					"DEBUG=1",
					"$(inherited)",
				);
				GCC_WARN_64_TO_32_BIT_CONVERSION = YES;
				GCC_WARN_ABOUT_RETURN_TYPE = YES_ERROR;
				GCC_WARN_UNDECLARED_SELECTOR = YES;
				GCC_WARN_UNINITIALIZED_AUTOS = YES_AGGRESSIVE;
				GCC_WARN_UNUSED_FUNCTION = YES;
				GCC_WARN_UNUSED_VARIABLE = YES;
				MACOSX_DEPLOYMENT_TARGET = 14.0;
				MTL_ENABLE_DEBUG_INFO = INCLUDE_SOURCE;
				MTL_FAST_MATH = YES;
				ONLY_ACTIVE_ARCH = YES;
				SDKROOT = macosx;
				SWIFT_ACTIVE_COMPILATION_CONDITIONS = "$(inherited) DEBUG";
				SWIFT_OPTIMIZATION_LEVEL = "-Onone";
			};
			name = Debug;
		};
		A1000A000000000000000002 /* Release */ = {
			isa = XCBuildConfiguration;
			buildSettings = {
				ALWAYS_SEARCH_USER_PATHS = NO;
				ASSETCATALOG_COMPILER_GENERATE_SWIFT_ASSET_SYMBOL_EXTENSIONS = YES;
				CLANG_ANALYZER_NONNULL = YES;
				CLANG_ANALYZER_NUMBER_OBJECT_CONVERSION = YES_AGGRESSIVE;
				CLANG_CXX_LANGUAGE_STANDARD = "gnu++20";
				CLANG_ENABLE_MODULES = YES;
				CLANG_ENABLE_OBJC_ARC = YES;
				CLANG_ENABLE_OBJC_WEAK = YES;
				CLANG_WARN_BLOCK_CAPTURE_AUTORELEASING = YES;
				CLANG_WARN_BOOL_CONVERSION = YES;
				CLANG_WARN_COMMA = YES;
				CLANG_WARN_CONSTANT_CONVERSION = YES;
				CLANG_WARN_DEPRECATED_OBJC_IMPLEMENTATIONS = YES;
				CLANG_WARN_DIRECT_OBJC_ISA_USAGE = YES_ERROR;
				CLANG_WARN_DOCUMENTATION_COMMENTS = YES;
				CLANG_WARN_EMPTY_BODY = YES;
				CLANG_WARN_ENUM_CONVERSION = YES;
				CLANG_WARN_INFINITE_RECURSION = YES;
				CLANG_WARN_INT_CONVERSION = YES;
				CLANG_WARN_NON_LITERAL_NULL_CONVERSION = YES;
				CLANG_WARN_OBJC_IMPLICIT_RETAIN_SELF = YES;
				CLANG_WARN_OBJC_LITERAL_CONVERSION = YES;
				CLANG_WARN_OBJC_ROOT_CLASS = YES_ERROR;
				CLANG_WARN_QUOTED_INCLUDE_IN_FRAMEWORK_HEADER = YES;
				CLANG_WARN_RANGE_LOOP_ANALYSIS = YES;
				CLANG_WARN_STRICT_PROTOTYPES = YES;
				CLANG_WARN_SUSPICIOUS_MOVE = YES;
				CLANG_WARN_UNGUARDED_AVAILABILITY = YES_AGGRESSIVE;
				CLANG_WARN_UNREACHABLE_CODE = YES;
				CLANG_WARN__DUPLICATE_METHOD_MATCH = YES;
				COPY_PHASE_STRIP = NO;
				DEBUG_INFORMATION_FORMAT = "dwarf-with-dsym";
				ENABLE_NS_ASSERTIONS = NO;
				ENABLE_STRICT_OBJC_MSGSEND = YES;
				GCC_C_LANGUAGE_STANDARD = gnu17;
				GCC_NO_COMMON_BLOCKS = YES;
				GCC_WARN_64_TO_32_BIT_CONVERSION = YES;
				GCC_WARN_ABOUT_RETURN_TYPE = YES_ERROR;
				GCC_WARN_UNDECLARED_SELECTOR = YES;
				GCC_WARN_UNINITIALIZED_AUTOS = YES_AGGRESSIVE;
				GCC_WARN_UNUSED_FUNCTION = YES;
				GCC_WARN_UNUSED_VARIABLE = YES;
				MACOSX_DEPLOYMENT_TARGET = 14.0;
				MTL_ENABLE_DEBUG_INFO = NO;
				MTL_FAST_MATH = YES;
				SDKROOT = macosx;
				SWIFT_COMPILATION_MODE = wholemodule;
			};
			name = Release;
		};
		A1000A000000000000000003 /* Debug */ = {
			isa = XCBuildConfiguration;
			buildSettings = {
				ASSETCATALOG_COMPILER_APPICON_NAME = AppIcon;
				CODE_SIGN_ENTITLEMENTS = "";
				"CODE_SIGN_IDENTITY[sdk=macosx*]" = "-";
				CODE_SIGN_STYLE = Automatic;
				COMBINE_HIDPI_IMAGES = YES;
				CURRENT_PROJECT_VERSION = 1;
				DEVELOPMENT_TEAM = "";
				ENABLE_HARDENED_RUNTIME = NO;
				GENERATE_INFOPLIST_FILE = YES;
				INFOPLIST_KEY_LSApplicationCategoryType = "";
				INFOPLIST_KEY_NSHumanReadableCopyright = "";
				LD_RUNPATH_SEARCH_PATHS = (
					"$(inherited)",
					"@executable_path/../Frameworks",
				);
				MARKETING_VERSION = 2.0;
				PRODUCT_BUNDLE_IDENTIFIER = com.airplanetracker3d.app;
				PRODUCT_NAME = "$(TARGET_NAME)";
				SWIFT_EMIT_LOC_STRINGS = YES;
				SWIFT_OBJC_BRIDGING_HEADER = "AirplaneTracker3D/AirplaneTracker3D-Bridging-Header.h";
				SWIFT_VERSION = 5.0;
			};
			name = Debug;
		};
		A1000A000000000000000004 /* Release */ = {
			isa = XCBuildConfiguration;
			buildSettings = {
				ASSETCATALOG_COMPILER_APPICON_NAME = AppIcon;
				CODE_SIGN_ENTITLEMENTS = "";
				"CODE_SIGN_IDENTITY[sdk=macosx*]" = "-";
				CODE_SIGN_STYLE = Automatic;
				COMBINE_HIDPI_IMAGES = YES;
				CURRENT_PROJECT_VERSION = 1;
				DEVELOPMENT_TEAM = "";
				ENABLE_HARDENED_RUNTIME = NO;
				GENERATE_INFOPLIST_FILE = YES;
				INFOPLIST_KEY_LSApplicationCategoryType = "";
				INFOPLIST_KEY_NSHumanReadableCopyright = "";
				LD_RUNPATH_SEARCH_PATHS = (
					"$(inherited)",
					"@executable_path/../Frameworks",
				);
				MARKETING_VERSION = 2.0;
				PRODUCT_BUNDLE_IDENTIFIER = com.airplanetracker3d.app;
				PRODUCT_NAME = "$(TARGET_NAME)";
				SWIFT_EMIT_LOC_STRINGS = YES;
				SWIFT_OBJC_BRIDGING_HEADER = "AirplaneTracker3D/AirplaneTracker3D-Bridging-Header.h";
				SWIFT_VERSION = 5.0;
			};
			name = Release;
		};
/* End XCBuildConfiguration section */

/* Begin XCConfigurationList section */
		A10008000000000000000001 /* Build configuration list for PBXNativeTarget "AirplaneTracker3D" */ = {
			isa = XCConfigurationList;
			buildConfigurations = (
				A1000A000000000000000003 /* Debug */,
				A1000A000000000000000004 /* Release */,
			);
			defaultConfigurationIsVisible = 0;
			defaultConfigurationName = Release;
		};
		A10008000000000000000002 /* Build configuration list for PBXProject "AirplaneTracker3D" */ = {
			isa = XCConfigurationList;
			buildConfigurations = (
				A1000A000000000000000001 /* Debug */,
				A1000A000000000000000002 /* Release */,
			);
			defaultConfigurationIsVisible = 0;
			defaultConfigurationName = Release;
		};
/* End XCConfigurationList section */

	};
	rootObject = A10009000000000000000001 /* Project object */;
}
